
Microsoft Visual Studio Solution File, Format Version 12.00
# Visual Studio Version 16
VisualStudioVersion = 16.0.29926.136
MinimumVisualStudioVersion = 10.0.40219.1
Project("{FAE04EC0-301F-11D3-BF4B-00C04F79EFBC}") = "PDFMerge1", "PDFMerge1\PDFMerge1.csproj", "{D05189EA-A9D3-46C2-99EB-06D8B379F520}"
EndProject
Project("{FAE04EC0-301F-11D3-BF4B-00C04F79EFBC}") = "AODeliverable", "AODeliverable\AODeliverable.csproj", "{48E99E21-A2C8-44DD-B1FE-9341973BCAE3}"
EndProject
Project("{FAE04EC0-301F-11D3-BF4B-00C04F79EFBC}") = "Tests", "Tests\Tests.csproj", "{C693F2CE-F8BF-43B4-8F23-4808376F98C8}"
EndProject
Project("{FAE04EC0-301F-11D3-BF4B-00C04F79EFBC}") = "Tests2", "Tests2\Tests2.csproj", "{1B70655D-273C-4C34-9331-F91B784B263C}"
EndProject
Project("{FAE04EC0-301F-11D3-BF4B-00C04F79EFBC}") = "Felix", "Felix\Felix.csproj", "{103D84C6-A1E7-42CF-8D32-51759CF067E9}"
EndProject
Project("{FAE04EC0-301F-11D3-BF4B-00C04F79EFBC}") = "Test3", "Test3\Test3.csproj", "{8B974E32-85D2-4FE9-AC70-D042241577F5}"
EndProject
Project("{FAE04EC0-301F-11D3-BF4B-00C04F79EFBC}") = "Sylvester", "Sylvester\Sylvester.csproj", "{C199E67C-F523-4504-9014-234A723CA57D}"
EndProject
Project("{840C416C-B8F3-42BC-B0DD-F6BB14C9F8CB}") = "SylvesterInstaller", "SylvesterInstaller\SylvesterInstaller.aiproj", "{C25E1DEC-0168-4B9D-9D21-B4A2CD517757}"
EndProject
Project("{FAE04EC0-301F-11D3-BF4B-00C04F79EFBC}") = "StoreAndRead", "StoreAndRead\StoreAndRead.csproj", "{AA75077A-1611-440E-B7AD-FF3E1ED2A225}"
EndProject
Project("{2150E333-8FDC-42A3-9474-1A3956D46DE8}") = ".Solution Items", ".Solution Items", "{0D6D8A33-2943-4C44-B585-D0CD8234C61E}"
	ProjectSection(SolutionItems) = preProject
		.editorconfig = .editorconfig
	EndProjectSection
EndProject
Project("{FAE04EC0-301F-11D3-BF4B-00C04F79EFBC}") = "ClassifierEditor", "ClassifierEditor\ClassifierEditor.csproj", "{B6CB8C1E-D565-48EE-A16B-223CAFBCDA9C}"
EndProject
Project("{D954291E-2A0B-460D-934E-DC6B0785DB48}") = "AndyShared", "AndyShared\AndyShared.shproj", "{9DB459F6-2625-4296-9E1A-04297C76893A}"
EndProject
Project("{FAE04EC0-301F-11D3-BF4B-00C04F79EFBC}") = "AndyConfig", "AndyConfig\AndyConfig.csproj", "{0EBF6960-80C0-4ACC-973D-873D7C0C2D00}"
EndProject
Project("{D954291E-2A0B-460D-934E-DC6B0785DB48}") = "AndySharedResources", "AndyResources\AndySharedResources.shproj", "{B413F196-575D-4AE0-9C4A-D81082F67B94}"
EndProject
Project("{FAE04EC0-301F-11D3-BF4B-00C04F79EFBC}") = "WpfShared", "WpfShared\WpfShared.csproj", "{C4CF3E3E-620E-400C-BC59-B701E5C2E637}"
EndProject
Project("{9A19103F-16F7-4668-BE54-9A1E7A4F7556}") = "TestCore1", "TestCore1\TestCore1.csproj", "{18FDE023-2E9B-491F-BF61-843C6EFA6677}"
EndProject
Project("{2150E333-8FDC-42A3-9474-1A3956D46DE8}") = "Notes", "Notes", "{C29B7CA2-988C-4330-B5C4-47C0A1C91FC2}"
	ProjectSection(SolutionItems) = preProject
		Categorization System.txt = Categorization System.txt
		ClassificationFilleDataStorageSystem.txt = ClassificationFilleDataStorageSystem.txt
		Favs and History Notes.txt = Favs and History Notes.txt
		PDF Sheet File Parse Info.txt = PDF Sheet File Parse Info.txt
		Project Descriptions.txt = Project Descriptions.txt
	EndProjectSection
EndProject
Project("{2150E333-8FDC-42A3-9474-1A3956D46DE8}") = ".LinkOnly", ".LinkOnly", "{F627B9D2-FC1F-4A64-A2A6-DC35ACC39BA1}"
	ProjectSection(SolutionItems) = preProject
		.LinkOnly\GlobalSuppressions.cs = .LinkOnly\GlobalSuppressions.cs
		.LinkOnly\HeadingSettings.cs = .LinkOnly\HeadingSettings.cs
		.LinkOnly\MachineSettings.cs = .LinkOnly\MachineSettings.cs
		.LinkOnly\SiteSettings.cs = .LinkOnly\SiteSettings.cs
		.LinkOnly\SuiteSettings.cs = .LinkOnly\SuiteSettings.cs
	EndProjectSection
EndProject
Project("{FAE04EC0-301F-11D3-BF4B-00C04F79EFBC}") = "ClassifySheets", "ClassifySheets\ClassifySheets.csproj", "{0B187F3D-CE82-49B8-AED2-ED64CE56F70D}"
EndProject
Project("{FAE04EC0-301F-11D3-BF4B-00C04F79EFBC}") = "Tests1", "Tests1\Tests1.csproj", "{98F37C54-3BF0-42CF-9B3E-855B9D45AAD7}"
EndProject
Project("{FAE04EC0-301F-11D3-BF4B-00C04F79EFBC}") = "TestWpf1", "TestWpf1\TestWpf1.csproj", "{B02F286C-4227-4D10-870F-FF8B117E6586}"
EndProject
Project("{FAE04EC0-301F-11D3-BF4B-00C04F79EFBC}") = "TestWpf2", "TestWpf2\TestWpf2.csproj", "{3521E67E-F9D5-40BA-BD72-CCADBCF6E9B4}"
EndProject
Project("{FAE04EC0-301F-11D3-BF4B-00C04F79EFBC}") = "StoreAndRead2", "StoreAndRead2\StoreAndRead2.csproj", "{17F95F93-00E8-48C9-8554-A9FB8E84F57F}"
EndProject
Project("{FAE04EC0-301F-11D3-BF4B-00C04F79EFBC}") = "Andy", "Andy\Andy.csproj", "{B13996EB-FC22-465E-B1D3-1C87984A7760}"
EndProject
Project("{FAE04EC0-301F-11D3-BF4B-00C04F79EFBC}") = "WpfTests", "WpfTests\WpfTests.csproj", "{B5A457FF-D9DC-43FF-9E84-823E7548F5F3}"
EndProject
Project("{FAE04EC0-301F-11D3-BF4B-00C04F79EFBC}") = "AndyFavsAndHistory", "AndyFavsAndHistory\AndyFavsAndHistory.csproj", "{004CFF91-94D7-4F20-8CEE-0818746B98B5}"
	ProjectSection(ProjectDependencies) = postProject
		{B5A457FF-D9DC-43FF-9E84-823E7548F5F3} = {B5A457FF-D9DC-43FF-9E84-823E7548F5F3}
	EndProjectSection
EndProject
Global
	GlobalSection(SharedMSBuildProjectFiles) = preSolution
		AndyShared\AndyShared.projitems*{98f37c54-3bf0-42cf-9b3e-855b9d45aad7}*SharedItemsImports = 4
		AndyShared\AndyShared.projitems*{9db459f6-2625-4296-9e1a-04297c76893a}*SharedItemsImports = 13
		AndyResources\AndyResources.projitems*{b413f196-575d-4ae0-9c4a-d81082f67b94}*SharedItemsImports = 13
		AndyShared\AndyShared.projitems*{c199e67c-f523-4504-9014-234a723ca57d}*SharedItemsImports = 4
		AndyShared\AndyShared.projitems*{c4cf3e3e-620e-400c-bc59-b701e5c2e637}*SharedItemsImports = 4
		AndyShared\AndyShared.projitems*{d05189ea-a9d3-46c2-99eb-06d8b379f520}*SharedItemsImports = 4
	EndGlobalSection
	GlobalSection(SolutionConfigurationPlatforms) = preSolution
		All|Any CPU = All|Any CPU
		All|x64 = All|x64
		All|x86 = All|x86
		Debug|Any CPU = Debug|Any CPU
		Debug|x64 = Debug|x64
		Debug|x86 = Debug|x86
		Release|Any CPU = Release|Any CPU
		Release|x64 = Release|x64
		Release|x86 = Release|x86
	EndGlobalSection
	GlobalSection(ProjectConfigurationPlatforms) = postSolution
		{D05189EA-A9D3-46C2-99EB-06D8B379F520}.All|Any CPU.ActiveCfg = Release|Any CPU
		{D05189EA-A9D3-46C2-99EB-06D8B379F520}.All|Any CPU.Build.0 = Release|Any CPU
		{D05189EA-A9D3-46C2-99EB-06D8B379F520}.All|x64.ActiveCfg = Debug|Any CPU
		{D05189EA-A9D3-46C2-99EB-06D8B379F520}.All|x64.Build.0 = Debug|Any CPU
		{D05189EA-A9D3-46C2-99EB-06D8B379F520}.All|x86.ActiveCfg = Release|x86
		{D05189EA-A9D3-46C2-99EB-06D8B379F520}.All|x86.Build.0 = Release|x86
		{D05189EA-A9D3-46C2-99EB-06D8B379F520}.Debug|Any CPU.ActiveCfg = Debug|Any CPU
		{D05189EA-A9D3-46C2-99EB-06D8B379F520}.Debug|Any CPU.Build.0 = Debug|Any CPU
		{D05189EA-A9D3-46C2-99EB-06D8B379F520}.Debug|x64.ActiveCfg = Debug|x64
		{D05189EA-A9D3-46C2-99EB-06D8B379F520}.Debug|x64.Build.0 = Debug|x64
		{D05189EA-A9D3-46C2-99EB-06D8B379F520}.Debug|x86.ActiveCfg = Debug|x86
		{D05189EA-A9D3-46C2-99EB-06D8B379F520}.Release|Any CPU.ActiveCfg = Release|Any CPU
		{D05189EA-A9D3-46C2-99EB-06D8B379F520}.Release|Any CPU.Build.0 = Release|Any CPU
		{D05189EA-A9D3-46C2-99EB-06D8B379F520}.Release|x64.ActiveCfg = Release|Any CPU
		{D05189EA-A9D3-46C2-99EB-06D8B379F520}.Release|x64.Build.0 = Release|Any CPU
		{D05189EA-A9D3-46C2-99EB-06D8B379F520}.Release|x86.ActiveCfg = Release|x86
		{D05189EA-A9D3-46C2-99EB-06D8B379F520}.Release|x86.Build.0 = Release|x86
		{48E99E21-A2C8-44DD-B1FE-9341973BCAE3}.All|Any CPU.ActiveCfg = Release|Any CPU
		{48E99E21-A2C8-44DD-B1FE-9341973BCAE3}.All|Any CPU.Build.0 = Release|Any CPU
		{48E99E21-A2C8-44DD-B1FE-9341973BCAE3}.All|x64.ActiveCfg = Debug|Any CPU
		{48E99E21-A2C8-44DD-B1FE-9341973BCAE3}.All|x64.Build.0 = Debug|Any CPU
		{48E99E21-A2C8-44DD-B1FE-9341973BCAE3}.All|x86.ActiveCfg = Release|x86
		{48E99E21-A2C8-44DD-B1FE-9341973BCAE3}.All|x86.Build.0 = Release|x86
		{48E99E21-A2C8-44DD-B1FE-9341973BCAE3}.Debug|Any CPU.ActiveCfg = Debug|Any CPU
		{48E99E21-A2C8-44DD-B1FE-9341973BCAE3}.Debug|Any CPU.Build.0 = Debug|Any CPU
		{48E99E21-A2C8-44DD-B1FE-9341973BCAE3}.Debug|x64.ActiveCfg = Debug|x64
		{48E99E21-A2C8-44DD-B1FE-9341973BCAE3}.Debug|x64.Build.0 = Debug|x64
		{48E99E21-A2C8-44DD-B1FE-9341973BCAE3}.Debug|x86.ActiveCfg = Debug|x86
		{48E99E21-A2C8-44DD-B1FE-9341973BCAE3}.Release|Any CPU.ActiveCfg = Release|Any CPU
		{48E99E21-A2C8-44DD-B1FE-9341973BCAE3}.Release|Any CPU.Build.0 = Release|Any CPU
		{48E99E21-A2C8-44DD-B1FE-9341973BCAE3}.Release|x64.ActiveCfg = Release|Any CPU
		{48E99E21-A2C8-44DD-B1FE-9341973BCAE3}.Release|x64.Build.0 = Release|Any CPU
		{48E99E21-A2C8-44DD-B1FE-9341973BCAE3}.Release|x86.ActiveCfg = Release|x86
		{48E99E21-A2C8-44DD-B1FE-9341973BCAE3}.Release|x86.Build.0 = Release|x86
		{C693F2CE-F8BF-43B4-8F23-4808376F98C8}.All|Any CPU.ActiveCfg = Release|Any CPU
		{C693F2CE-F8BF-43B4-8F23-4808376F98C8}.All|Any CPU.Build.0 = Release|Any CPU
		{C693F2CE-F8BF-43B4-8F23-4808376F98C8}.All|x64.ActiveCfg = Debug|Any CPU
		{C693F2CE-F8BF-43B4-8F23-4808376F98C8}.All|x64.Build.0 = Debug|Any CPU
		{C693F2CE-F8BF-43B4-8F23-4808376F98C8}.All|x86.ActiveCfg = Release|x86
		{C693F2CE-F8BF-43B4-8F23-4808376F98C8}.All|x86.Build.0 = Release|x86
		{C693F2CE-F8BF-43B4-8F23-4808376F98C8}.Debug|Any CPU.ActiveCfg = Debug|Any CPU
		{C693F2CE-F8BF-43B4-8F23-4808376F98C8}.Debug|Any CPU.Build.0 = Debug|Any CPU
		{C693F2CE-F8BF-43B4-8F23-4808376F98C8}.Debug|x64.ActiveCfg = Debug|x64
		{C693F2CE-F8BF-43B4-8F23-4808376F98C8}.Debug|x64.Build.0 = Debug|x64
		{C693F2CE-F8BF-43B4-8F23-4808376F98C8}.Debug|x86.ActiveCfg = Debug|x86
		{C693F2CE-F8BF-43B4-8F23-4808376F98C8}.Release|Any CPU.ActiveCfg = Release|Any CPU
		{C693F2CE-F8BF-43B4-8F23-4808376F98C8}.Release|Any CPU.Build.0 = Release|Any CPU
		{C693F2CE-F8BF-43B4-8F23-4808376F98C8}.Release|x64.ActiveCfg = Release|Any CPU
		{C693F2CE-F8BF-43B4-8F23-4808376F98C8}.Release|x64.Build.0 = Release|Any CPU
		{C693F2CE-F8BF-43B4-8F23-4808376F98C8}.Release|x86.ActiveCfg = Release|x86
		{C693F2CE-F8BF-43B4-8F23-4808376F98C8}.Release|x86.Build.0 = Release|x86
		{1B70655D-273C-4C34-9331-F91B784B263C}.All|Any CPU.ActiveCfg = Release|Any CPU
		{1B70655D-273C-4C34-9331-F91B784B263C}.All|Any CPU.Build.0 = Release|Any CPU
		{1B70655D-273C-4C34-9331-F91B784B263C}.All|x64.ActiveCfg = Debug|Any CPU
		{1B70655D-273C-4C34-9331-F91B784B263C}.All|x64.Build.0 = Debug|Any CPU
		{1B70655D-273C-4C34-9331-F91B784B263C}.All|x86.ActiveCfg = Release|x86
		{1B70655D-273C-4C34-9331-F91B784B263C}.All|x86.Build.0 = Release|x86
		{1B70655D-273C-4C34-9331-F91B784B263C}.Debug|Any CPU.ActiveCfg = Debug|Any CPU
		{1B70655D-273C-4C34-9331-F91B784B263C}.Debug|Any CPU.Build.0 = Debug|Any CPU
		{1B70655D-273C-4C34-9331-F91B784B263C}.Debug|x64.ActiveCfg = Debug|x64
		{1B70655D-273C-4C34-9331-F91B784B263C}.Debug|x64.Build.0 = Debug|x64
		{1B70655D-273C-4C34-9331-F91B784B263C}.Debug|x86.ActiveCfg = Debug|x86
		{1B70655D-273C-4C34-9331-F91B784B263C}.Release|Any CPU.ActiveCfg = Release|Any CPU
		{1B70655D-273C-4C34-9331-F91B784B263C}.Release|Any CPU.Build.0 = Release|Any CPU
		{1B70655D-273C-4C34-9331-F91B784B263C}.Release|x64.ActiveCfg = Release|Any CPU
		{1B70655D-273C-4C34-9331-F91B784B263C}.Release|x64.Build.0 = Release|Any CPU
		{1B70655D-273C-4C34-9331-F91B784B263C}.Release|x86.ActiveCfg = Release|x86
		{1B70655D-273C-4C34-9331-F91B784B263C}.Release|x86.Build.0 = Release|x86
		{103D84C6-A1E7-42CF-8D32-51759CF067E9}.All|Any CPU.ActiveCfg = Release|Any CPU
		{103D84C6-A1E7-42CF-8D32-51759CF067E9}.All|Any CPU.Build.0 = Release|Any CPU
		{103D84C6-A1E7-42CF-8D32-51759CF067E9}.All|x64.ActiveCfg = Debug|Any CPU
		{103D84C6-A1E7-42CF-8D32-51759CF067E9}.All|x64.Build.0 = Debug|Any CPU
		{103D84C6-A1E7-42CF-8D32-51759CF067E9}.All|x86.ActiveCfg = Release|x86
		{103D84C6-A1E7-42CF-8D32-51759CF067E9}.All|x86.Build.0 = Release|x86
		{103D84C6-A1E7-42CF-8D32-51759CF067E9}.Debug|Any CPU.ActiveCfg = Debug|Any CPU
		{103D84C6-A1E7-42CF-8D32-51759CF067E9}.Debug|Any CPU.Build.0 = Debug|Any CPU
		{103D84C6-A1E7-42CF-8D32-51759CF067E9}.Debug|x64.ActiveCfg = Debug|x64
		{103D84C6-A1E7-42CF-8D32-51759CF067E9}.Debug|x64.Build.0 = Debug|x64
		{103D84C6-A1E7-42CF-8D32-51759CF067E9}.Debug|x86.ActiveCfg = Debug|x86
		{103D84C6-A1E7-42CF-8D32-51759CF067E9}.Debug|x86.Build.0 = Debug|x86
		{103D84C6-A1E7-42CF-8D32-51759CF067E9}.Release|Any CPU.ActiveCfg = Release|Any CPU
		{103D84C6-A1E7-42CF-8D32-51759CF067E9}.Release|Any CPU.Build.0 = Release|Any CPU
		{103D84C6-A1E7-42CF-8D32-51759CF067E9}.Release|x64.ActiveCfg = Release|Any CPU
		{103D84C6-A1E7-42CF-8D32-51759CF067E9}.Release|x64.Build.0 = Release|Any CPU
		{103D84C6-A1E7-42CF-8D32-51759CF067E9}.Release|x86.ActiveCfg = Release|x86
		{103D84C6-A1E7-42CF-8D32-51759CF067E9}.Release|x86.Build.0 = Release|x86
		{8B974E32-85D2-4FE9-AC70-D042241577F5}.All|Any CPU.ActiveCfg = Release|Any CPU
		{8B974E32-85D2-4FE9-AC70-D042241577F5}.All|Any CPU.Build.0 = Release|Any CPU
		{8B974E32-85D2-4FE9-AC70-D042241577F5}.All|x64.ActiveCfg = Debug|Any CPU
		{8B974E32-85D2-4FE9-AC70-D042241577F5}.All|x64.Build.0 = Debug|Any CPU
		{8B974E32-85D2-4FE9-AC70-D042241577F5}.All|x86.ActiveCfg = Release|x86
		{8B974E32-85D2-4FE9-AC70-D042241577F5}.All|x86.Build.0 = Release|x86
		{8B974E32-85D2-4FE9-AC70-D042241577F5}.Debug|Any CPU.ActiveCfg = Debug|Any CPU
		{8B974E32-85D2-4FE9-AC70-D042241577F5}.Debug|Any CPU.Build.0 = Debug|Any CPU
		{8B974E32-85D2-4FE9-AC70-D042241577F5}.Debug|x64.ActiveCfg = Debug|x64
		{8B974E32-85D2-4FE9-AC70-D042241577F5}.Debug|x64.Build.0 = Debug|x64
		{8B974E32-85D2-4FE9-AC70-D042241577F5}.Debug|x86.ActiveCfg = Debug|x86
		{8B974E32-85D2-4FE9-AC70-D042241577F5}.Release|Any CPU.ActiveCfg = Release|Any CPU
		{8B974E32-85D2-4FE9-AC70-D042241577F5}.Release|Any CPU.Build.0 = Release|Any CPU
		{8B974E32-85D2-4FE9-AC70-D042241577F5}.Release|x64.ActiveCfg = Release|Any CPU
		{8B974E32-85D2-4FE9-AC70-D042241577F5}.Release|x64.Build.0 = Release|Any CPU
		{8B974E32-85D2-4FE9-AC70-D042241577F5}.Release|x86.ActiveCfg = Release|x86
		{8B974E32-85D2-4FE9-AC70-D042241577F5}.Release|x86.Build.0 = Release|x86
		{C199E67C-F523-4504-9014-234A723CA57D}.All|Any CPU.ActiveCfg = Release|Any CPU
		{C199E67C-F523-4504-9014-234A723CA57D}.All|Any CPU.Build.0 = Release|Any CPU
		{C199E67C-F523-4504-9014-234A723CA57D}.All|x64.ActiveCfg = Debug|Any CPU
		{C199E67C-F523-4504-9014-234A723CA57D}.All|x64.Build.0 = Debug|Any CPU
		{C199E67C-F523-4504-9014-234A723CA57D}.All|x86.ActiveCfg = Release|x86
		{C199E67C-F523-4504-9014-234A723CA57D}.All|x86.Build.0 = Release|x86
		{C199E67C-F523-4504-9014-234A723CA57D}.Debug|Any CPU.ActiveCfg = Debug|Any CPU
		{C199E67C-F523-4504-9014-234A723CA57D}.Debug|Any CPU.Build.0 = Debug|Any CPU
		{C199E67C-F523-4504-9014-234A723CA57D}.Debug|x64.ActiveCfg = Debug|x64
		{C199E67C-F523-4504-9014-234A723CA57D}.Debug|x64.Build.0 = Debug|x64
		{C199E67C-F523-4504-9014-234A723CA57D}.Debug|x86.ActiveCfg = Debug|x86
		{C199E67C-F523-4504-9014-234A723CA57D}.Debug|x86.Build.0 = Debug|x86
		{C199E67C-F523-4504-9014-234A723CA57D}.Release|Any CPU.ActiveCfg = Release|Any CPU
		{C199E67C-F523-4504-9014-234A723CA57D}.Release|Any CPU.Build.0 = Release|Any CPU
		{C199E67C-F523-4504-9014-234A723CA57D}.Release|x64.ActiveCfg = Release|Any CPU
		{C199E67C-F523-4504-9014-234A723CA57D}.Release|x64.Build.0 = Release|Any CPU
		{C199E67C-F523-4504-9014-234A723CA57D}.Release|x86.ActiveCfg = Release|x86
		{C199E67C-F523-4504-9014-234A723CA57D}.Release|x86.Build.0 = Release|x86
		{C25E1DEC-0168-4B9D-9D21-B4A2CD517757}.All|Any CPU.ActiveCfg = DefaultBuild
		{C25E1DEC-0168-4B9D-9D21-B4A2CD517757}.All|Any CPU.Build.0 = DefaultBuild
		{C25E1DEC-0168-4B9D-9D21-B4A2CD517757}.All|x64.ActiveCfg = DefaultBuild
		{C25E1DEC-0168-4B9D-9D21-B4A2CD517757}.All|x86.ActiveCfg = DefaultBuild
		{C25E1DEC-0168-4B9D-9D21-B4A2CD517757}.All|x86.Build.0 = DefaultBuild
		{C25E1DEC-0168-4B9D-9D21-B4A2CD517757}.Debug|Any CPU.ActiveCfg = DefaultBuild
		{C25E1DEC-0168-4B9D-9D21-B4A2CD517757}.Debug|Any CPU.Build.0 = DefaultBuild
		{C25E1DEC-0168-4B9D-9D21-B4A2CD517757}.Debug|x64.ActiveCfg = DefaultBuild
		{C25E1DEC-0168-4B9D-9D21-B4A2CD517757}.Debug|x86.ActiveCfg = DefaultBuild
		{C25E1DEC-0168-4B9D-9D21-B4A2CD517757}.Release|Any CPU.ActiveCfg = DefaultBuild
		{C25E1DEC-0168-4B9D-9D21-B4A2CD517757}.Release|Any CPU.Build.0 = DefaultBuild
		{C25E1DEC-0168-4B9D-9D21-B4A2CD517757}.Release|x64.ActiveCfg = DefaultBuild
		{C25E1DEC-0168-4B9D-9D21-B4A2CD517757}.Release|x86.ActiveCfg = DefaultBuild
		{C25E1DEC-0168-4B9D-9D21-B4A2CD517757}.Release|x86.Build.0 = DefaultBuild
		{AA75077A-1611-440E-B7AD-FF3E1ED2A225}.All|Any CPU.ActiveCfg = Release|Any CPU
		{AA75077A-1611-440E-B7AD-FF3E1ED2A225}.All|Any CPU.Build.0 = Release|Any CPU
		{AA75077A-1611-440E-B7AD-FF3E1ED2A225}.All|x64.ActiveCfg = Debug|Any CPU
		{AA75077A-1611-440E-B7AD-FF3E1ED2A225}.All|x64.Build.0 = Debug|Any CPU
		{AA75077A-1611-440E-B7AD-FF3E1ED2A225}.All|x86.ActiveCfg = Release|x86
		{AA75077A-1611-440E-B7AD-FF3E1ED2A225}.All|x86.Build.0 = Release|x86
		{AA75077A-1611-440E-B7AD-FF3E1ED2A225}.Debug|Any CPU.ActiveCfg = Debug|Any CPU
		{AA75077A-1611-440E-B7AD-FF3E1ED2A225}.Debug|Any CPU.Build.0 = Debug|Any CPU
		{AA75077A-1611-440E-B7AD-FF3E1ED2A225}.Debug|x64.ActiveCfg = Debug|x64
		{AA75077A-1611-440E-B7AD-FF3E1ED2A225}.Debug|x64.Build.0 = Debug|x64
		{AA75077A-1611-440E-B7AD-FF3E1ED2A225}.Debug|x86.ActiveCfg = Debug|x86
		{AA75077A-1611-440E-B7AD-FF3E1ED2A225}.Release|Any CPU.ActiveCfg = Release|Any CPU
		{AA75077A-1611-440E-B7AD-FF3E1ED2A225}.Release|Any CPU.Build.0 = Release|Any CPU
		{AA75077A-1611-440E-B7AD-FF3E1ED2A225}.Release|x64.ActiveCfg = Release|Any CPU
		{AA75077A-1611-440E-B7AD-FF3E1ED2A225}.Release|x64.Build.0 = Release|Any CPU
		{AA75077A-1611-440E-B7AD-FF3E1ED2A225}.Release|x86.ActiveCfg = Release|x86
		{AA75077A-1611-440E-B7AD-FF3E1ED2A225}.Release|x86.Build.0 = Release|x86
		{B6CB8C1E-D565-48EE-A16B-223CAFBCDA9C}.All|Any CPU.ActiveCfg = Release|Any CPU
		{B6CB8C1E-D565-48EE-A16B-223CAFBCDA9C}.All|Any CPU.Build.0 = Release|Any CPU
		{B6CB8C1E-D565-48EE-A16B-223CAFBCDA9C}.All|x64.ActiveCfg = Debug|Any CPU
		{B6CB8C1E-D565-48EE-A16B-223CAFBCDA9C}.All|x64.Build.0 = Debug|Any CPU
		{B6CB8C1E-D565-48EE-A16B-223CAFBCDA9C}.All|x86.ActiveCfg = Release|x86
		{B6CB8C1E-D565-48EE-A16B-223CAFBCDA9C}.All|x86.Build.0 = Release|x86
		{B6CB8C1E-D565-48EE-A16B-223CAFBCDA9C}.Debug|Any CPU.ActiveCfg = Debug|Any CPU
		{B6CB8C1E-D565-48EE-A16B-223CAFBCDA9C}.Debug|Any CPU.Build.0 = Debug|Any CPU
		{B6CB8C1E-D565-48EE-A16B-223CAFBCDA9C}.Debug|x64.ActiveCfg = Debug|x86
		{B6CB8C1E-D565-48EE-A16B-223CAFBCDA9C}.Debug|x64.Build.0 = Debug|x86
		{B6CB8C1E-D565-48EE-A16B-223CAFBCDA9C}.Debug|x86.ActiveCfg = Debug|x86
		{B6CB8C1E-D565-48EE-A16B-223CAFBCDA9C}.Debug|x86.Build.0 = Debug|x86
		{B6CB8C1E-D565-48EE-A16B-223CAFBCDA9C}.Release|Any CPU.ActiveCfg = Release|Any CPU
		{B6CB8C1E-D565-48EE-A16B-223CAFBCDA9C}.Release|Any CPU.Build.0 = Release|Any CPU
		{B6CB8C1E-D565-48EE-A16B-223CAFBCDA9C}.Release|x64.ActiveCfg = Release|Any CPU
		{B6CB8C1E-D565-48EE-A16B-223CAFBCDA9C}.Release|x64.Build.0 = Release|Any CPU
		{B6CB8C1E-D565-48EE-A16B-223CAFBCDA9C}.Release|x86.ActiveCfg = Release|x86
		{B6CB8C1E-D565-48EE-A16B-223CAFBCDA9C}.Release|x86.Build.0 = Release|x86
		{0EBF6960-80C0-4ACC-973D-873D7C0C2D00}.All|Any CPU.ActiveCfg = Release|Any CPU
		{0EBF6960-80C0-4ACC-973D-873D7C0C2D00}.All|Any CPU.Build.0 = Release|Any CPU
		{0EBF6960-80C0-4ACC-973D-873D7C0C2D00}.All|x64.ActiveCfg = Debug|Any CPU
		{0EBF6960-80C0-4ACC-973D-873D7C0C2D00}.All|x64.Build.0 = Debug|Any CPU
		{0EBF6960-80C0-4ACC-973D-873D7C0C2D00}.All|x86.ActiveCfg = Release|x86
		{0EBF6960-80C0-4ACC-973D-873D7C0C2D00}.All|x86.Build.0 = Release|x86
		{0EBF6960-80C0-4ACC-973D-873D7C0C2D00}.Debug|Any CPU.ActiveCfg = Debug|Any CPU
		{0EBF6960-80C0-4ACC-973D-873D7C0C2D00}.Debug|Any CPU.Build.0 = Debug|Any CPU
		{0EBF6960-80C0-4ACC-973D-873D7C0C2D00}.Debug|x64.ActiveCfg = Debug|x64
		{0EBF6960-80C0-4ACC-973D-873D7C0C2D00}.Debug|x64.Build.0 = Debug|x64
		{0EBF6960-80C0-4ACC-973D-873D7C0C2D00}.Debug|x86.ActiveCfg = Debug|x86
		{0EBF6960-80C0-4ACC-973D-873D7C0C2D00}.Debug|x86.Build.0 = Debug|x86
		{0EBF6960-80C0-4ACC-973D-873D7C0C2D00}.Release|Any CPU.ActiveCfg = Release|Any CPU
		{0EBF6960-80C0-4ACC-973D-873D7C0C2D00}.Release|Any CPU.Build.0 = Release|Any CPU
		{0EBF6960-80C0-4ACC-973D-873D7C0C2D00}.Release|x64.ActiveCfg = Release|Any CPU
		{0EBF6960-80C0-4ACC-973D-873D7C0C2D00}.Release|x64.Build.0 = Release|Any CPU
		{0EBF6960-80C0-4ACC-973D-873D7C0C2D00}.Release|x86.ActiveCfg = Release|x86
		{0EBF6960-80C0-4ACC-973D-873D7C0C2D00}.Release|x86.Build.0 = Release|x86
		{C4CF3E3E-620E-400C-BC59-B701E5C2E637}.All|Any CPU.ActiveCfg = Release|Any CPU
		{C4CF3E3E-620E-400C-BC59-B701E5C2E637}.All|Any CPU.Build.0 = Release|Any CPU
		{C4CF3E3E-620E-400C-BC59-B701E5C2E637}.All|x64.ActiveCfg = Release|x64
		{C4CF3E3E-620E-400C-BC59-B701E5C2E637}.All|x64.Build.0 = Release|x64
		{C4CF3E3E-620E-400C-BC59-B701E5C2E637}.All|x86.ActiveCfg = Release|x86
		{C4CF3E3E-620E-400C-BC59-B701E5C2E637}.All|x86.Build.0 = Release|x86
		{C4CF3E3E-620E-400C-BC59-B701E5C2E637}.Debug|Any CPU.ActiveCfg = Debug|Any CPU
		{C4CF3E3E-620E-400C-BC59-B701E5C2E637}.Debug|Any CPU.Build.0 = Debug|Any CPU
		{C4CF3E3E-620E-400C-BC59-B701E5C2E637}.Debug|x64.ActiveCfg = Debug|x86
		{C4CF3E3E-620E-400C-BC59-B701E5C2E637}.Debug|x64.Build.0 = Debug|x86
		{C4CF3E3E-620E-400C-BC59-B701E5C2E637}.Debug|x86.ActiveCfg = Debug|x86
		{C4CF3E3E-620E-400C-BC59-B701E5C2E637}.Debug|x86.Build.0 = Debug|x86
		{C4CF3E3E-620E-400C-BC59-B701E5C2E637}.Release|Any CPU.ActiveCfg = Release|Any CPU
		{C4CF3E3E-620E-400C-BC59-B701E5C2E637}.Release|Any CPU.Build.0 = Release|Any CPU
		{C4CF3E3E-620E-400C-BC59-B701E5C2E637}.Release|x64.ActiveCfg = Release|x64
		{C4CF3E3E-620E-400C-BC59-B701E5C2E637}.Release|x64.Build.0 = Release|x64
		{C4CF3E3E-620E-400C-BC59-B701E5C2E637}.Release|x86.ActiveCfg = Release|x86
		{C4CF3E3E-620E-400C-BC59-B701E5C2E637}.Release|x86.Build.0 = Release|x86
		{18FDE023-2E9B-491F-BF61-843C6EFA6677}.All|Any CPU.ActiveCfg = Debug|Any CPU
		{18FDE023-2E9B-491F-BF61-843C6EFA6677}.All|Any CPU.Build.0 = Debug|Any CPU
		{18FDE023-2E9B-491F-BF61-843C6EFA6677}.All|x64.ActiveCfg = Debug|Any CPU
		{18FDE023-2E9B-491F-BF61-843C6EFA6677}.All|x64.Build.0 = Debug|Any CPU
		{18FDE023-2E9B-491F-BF61-843C6EFA6677}.All|x86.ActiveCfg = Release|x86
		{18FDE023-2E9B-491F-BF61-843C6EFA6677}.All|x86.Build.0 = Release|x86
		{18FDE023-2E9B-491F-BF61-843C6EFA6677}.Debug|Any CPU.ActiveCfg = Debug|Any CPU
		{18FDE023-2E9B-491F-BF61-843C6EFA6677}.Debug|Any CPU.Build.0 = Debug|Any CPU
		{18FDE023-2E9B-491F-BF61-843C6EFA6677}.Debug|x64.ActiveCfg = Debug|x64
		{18FDE023-2E9B-491F-BF61-843C6EFA6677}.Debug|x64.Build.0 = Debug|x64
		{18FDE023-2E9B-491F-BF61-843C6EFA6677}.Debug|x86.ActiveCfg = Debug|x86
		{18FDE023-2E9B-491F-BF61-843C6EFA6677}.Release|Any CPU.ActiveCfg = Release|Any CPU
		{18FDE023-2E9B-491F-BF61-843C6EFA6677}.Release|Any CPU.Build.0 = Release|Any CPU
		{18FDE023-2E9B-491F-BF61-843C6EFA6677}.Release|x64.ActiveCfg = Release|Any CPU
		{18FDE023-2E9B-491F-BF61-843C6EFA6677}.Release|x64.Build.0 = Release|Any CPU
		{18FDE023-2E9B-491F-BF61-843C6EFA6677}.Release|x86.ActiveCfg = Release|x86
		{18FDE023-2E9B-491F-BF61-843C6EFA6677}.Release|x86.Build.0 = Release|x86
		{0B187F3D-CE82-49B8-AED2-ED64CE56F70D}.All|Any CPU.ActiveCfg = Debug|Any CPU
		{0B187F3D-CE82-49B8-AED2-ED64CE56F70D}.All|Any CPU.Build.0 = Debug|Any CPU
		{0B187F3D-CE82-49B8-AED2-ED64CE56F70D}.All|x64.ActiveCfg = Debug|Any CPU
		{0B187F3D-CE82-49B8-AED2-ED64CE56F70D}.All|x64.Build.0 = Debug|Any CPU
		{0B187F3D-CE82-49B8-AED2-ED64CE56F70D}.All|x86.ActiveCfg = Debug|Any CPU
		{0B187F3D-CE82-49B8-AED2-ED64CE56F70D}.All|x86.Build.0 = Debug|Any CPU
		{0B187F3D-CE82-49B8-AED2-ED64CE56F70D}.Debug|Any CPU.ActiveCfg = Debug|Any CPU
		{0B187F3D-CE82-49B8-AED2-ED64CE56F70D}.Debug|Any CPU.Build.0 = Debug|Any CPU
		{0B187F3D-CE82-49B8-AED2-ED64CE56F70D}.Debug|x64.ActiveCfg = Debug|Any CPU
		{0B187F3D-CE82-49B8-AED2-ED64CE56F70D}.Debug|x64.Build.0 = Debug|Any CPU
		{0B187F3D-CE82-49B8-AED2-ED64CE56F70D}.Debug|x86.ActiveCfg = Debug|x86
		{0B187F3D-CE82-49B8-AED2-ED64CE56F70D}.Debug|x86.Build.0 = Debug|x86
		{0B187F3D-CE82-49B8-AED2-ED64CE56F70D}.Release|Any CPU.ActiveCfg = Release|Any CPU
		{0B187F3D-CE82-49B8-AED2-ED64CE56F70D}.Release|Any CPU.Build.0 = Release|Any CPU
		{0B187F3D-CE82-49B8-AED2-ED64CE56F70D}.Release|x64.ActiveCfg = Release|Any CPU
		{0B187F3D-CE82-49B8-AED2-ED64CE56F70D}.Release|x64.Build.0 = Release|Any CPU
		{0B187F3D-CE82-49B8-AED2-ED64CE56F70D}.Release|x86.ActiveCfg = Release|Any CPU
		{0B187F3D-CE82-49B8-AED2-ED64CE56F70D}.Release|x86.Build.0 = Release|Any CPU
		{98F37C54-3BF0-42CF-9B3E-855B9D45AAD7}.All|Any CPU.ActiveCfg = Debug|Any CPU
		{98F37C54-3BF0-42CF-9B3E-855B9D45AAD7}.All|Any CPU.Build.0 = Debug|Any CPU
		{98F37C54-3BF0-42CF-9B3E-855B9D45AAD7}.All|x64.ActiveCfg = Debug|Any CPU
		{98F37C54-3BF0-42CF-9B3E-855B9D45AAD7}.All|x64.Build.0 = Debug|Any CPU
		{98F37C54-3BF0-42CF-9B3E-855B9D45AAD7}.All|x86.ActiveCfg = Debug|Any CPU
		{98F37C54-3BF0-42CF-9B3E-855B9D45AAD7}.All|x86.Build.0 = Debug|Any CPU
		{98F37C54-3BF0-42CF-9B3E-855B9D45AAD7}.Debug|Any CPU.ActiveCfg = Debug|Any CPU
		{98F37C54-3BF0-42CF-9B3E-855B9D45AAD7}.Debug|Any CPU.Build.0 = Debug|Any CPU
		{98F37C54-3BF0-42CF-9B3E-855B9D45AAD7}.Debug|x64.ActiveCfg = Debug|Any CPU
		{98F37C54-3BF0-42CF-9B3E-855B9D45AAD7}.Debug|x64.Build.0 = Debug|Any CPU
		{98F37C54-3BF0-42CF-9B3E-855B9D45AAD7}.Debug|x86.ActiveCfg = Debug|x86
		{98F37C54-3BF0-42CF-9B3E-855B9D45AAD7}.Release|Any CPU.ActiveCfg = Release|Any CPU
		{98F37C54-3BF0-42CF-9B3E-855B9D45AAD7}.Release|Any CPU.Build.0 = Release|Any CPU
		{98F37C54-3BF0-42CF-9B3E-855B9D45AAD7}.Release|x64.ActiveCfg = Release|Any CPU
		{98F37C54-3BF0-42CF-9B3E-855B9D45AAD7}.Release|x64.Build.0 = Release|Any CPU
		{98F37C54-3BF0-42CF-9B3E-855B9D45AAD7}.Release|x86.ActiveCfg = Release|Any CPU
		{98F37C54-3BF0-42CF-9B3E-855B9D45AAD7}.Release|x86.Build.0 = Release|Any CPU
		{B02F286C-4227-4D10-870F-FF8B117E6586}.All|Any CPU.ActiveCfg = Debug|Any CPU
		{B02F286C-4227-4D10-870F-FF8B117E6586}.All|Any CPU.Build.0 = Debug|Any CPU
		{B02F286C-4227-4D10-870F-FF8B117E6586}.All|x64.ActiveCfg = Debug|Any CPU
		{B02F286C-4227-4D10-870F-FF8B117E6586}.All|x64.Build.0 = Debug|Any CPU
		{B02F286C-4227-4D10-870F-FF8B117E6586}.All|x86.ActiveCfg = Debug|Any CPU
		{B02F286C-4227-4D10-870F-FF8B117E6586}.All|x86.Build.0 = Debug|Any CPU
		{B02F286C-4227-4D10-870F-FF8B117E6586}.Debug|Any CPU.ActiveCfg = Debug|Any CPU
		{B02F286C-4227-4D10-870F-FF8B117E6586}.Debug|Any CPU.Build.0 = Debug|Any CPU
		{B02F286C-4227-4D10-870F-FF8B117E6586}.Debug|x64.ActiveCfg = Debug|Any CPU
		{B02F286C-4227-4D10-870F-FF8B117E6586}.Debug|x64.Build.0 = Debug|Any CPU
		{B02F286C-4227-4D10-870F-FF8B117E6586}.Debug|x86.ActiveCfg = Debug|x64
		{B02F286C-4227-4D10-870F-FF8B117E6586}.Release|Any CPU.ActiveCfg = Release|Any CPU
		{B02F286C-4227-4D10-870F-FF8B117E6586}.Release|Any CPU.Build.0 = Release|Any CPU
		{B02F286C-4227-4D10-870F-FF8B117E6586}.Release|x64.ActiveCfg = Release|Any CPU
		{B02F286C-4227-4D10-870F-FF8B117E6586}.Release|x64.Build.0 = Release|Any CPU
		{B02F286C-4227-4D10-870F-FF8B117E6586}.Release|x86.ActiveCfg = Release|Any CPU
		{B02F286C-4227-4D10-870F-FF8B117E6586}.Release|x86.Build.0 = Release|Any CPU
		{3521E67E-F9D5-40BA-BD72-CCADBCF6E9B4}.All|Any CPU.ActiveCfg = Debug|Any CPU
		{3521E67E-F9D5-40BA-BD72-CCADBCF6E9B4}.All|Any CPU.Build.0 = Debug|Any CPU
		{3521E67E-F9D5-40BA-BD72-CCADBCF6E9B4}.All|x64.ActiveCfg = Debug|Any CPU
		{3521E67E-F9D5-40BA-BD72-CCADBCF6E9B4}.All|x64.Build.0 = Debug|Any CPU
		{3521E67E-F9D5-40BA-BD72-CCADBCF6E9B4}.All|x86.ActiveCfg = Debug|Any CPU
		{3521E67E-F9D5-40BA-BD72-CCADBCF6E9B4}.All|x86.Build.0 = Debug|Any CPU
		{3521E67E-F9D5-40BA-BD72-CCADBCF6E9B4}.Debug|Any CPU.ActiveCfg = Debug|Any CPU
		{3521E67E-F9D5-40BA-BD72-CCADBCF6E9B4}.Debug|Any CPU.Build.0 = Debug|Any CPU
		{3521E67E-F9D5-40BA-BD72-CCADBCF6E9B4}.Debug|x64.ActiveCfg = Debug|Any CPU
		{3521E67E-F9D5-40BA-BD72-CCADBCF6E9B4}.Debug|x64.Build.0 = Debug|Any CPU
		{3521E67E-F9D5-40BA-BD72-CCADBCF6E9B4}.Debug|x86.ActiveCfg = Debug|x86
		{3521E67E-F9D5-40BA-BD72-CCADBCF6E9B4}.Release|Any CPU.ActiveCfg = Release|Any CPU
		{3521E67E-F9D5-40BA-BD72-CCADBCF6E9B4}.Release|Any CPU.Build.0 = Release|Any CPU
		{3521E67E-F9D5-40BA-BD72-CCADBCF6E9B4}.Release|x64.ActiveCfg = Release|Any CPU
		{3521E67E-F9D5-40BA-BD72-CCADBCF6E9B4}.Release|x64.Build.0 = Release|Any CPU
		{3521E67E-F9D5-40BA-BD72-CCADBCF6E9B4}.Release|x86.ActiveCfg = Release|Any CPU
		{3521E67E-F9D5-40BA-BD72-CCADBCF6E9B4}.Release|x86.Build.0 = Release|Any CPU
		{17F95F93-00E8-48C9-8554-A9FB8E84F57F}.All|Any CPU.ActiveCfg = Debug|Any CPU
		{17F95F93-00E8-48C9-8554-A9FB8E84F57F}.All|Any CPU.Build.0 = Debug|Any CPU
		{17F95F93-00E8-48C9-8554-A9FB8E84F57F}.All|x64.ActiveCfg = Debug|Any CPU
		{17F95F93-00E8-48C9-8554-A9FB8E84F57F}.All|x64.Build.0 = Debug|Any CPU
		{17F95F93-00E8-48C9-8554-A9FB8E84F57F}.All|x86.ActiveCfg = Debug|Any CPU
		{17F95F93-00E8-48C9-8554-A9FB8E84F57F}.All|x86.Build.0 = Debug|Any CPU
		{17F95F93-00E8-48C9-8554-A9FB8E84F57F}.Debug|Any CPU.ActiveCfg = Debug|Any CPU
		{17F95F93-00E8-48C9-8554-A9FB8E84F57F}.Debug|Any CPU.Build.0 = Debug|Any CPU
		{17F95F93-00E8-48C9-8554-A9FB8E84F57F}.Debug|x64.ActiveCfg = Debug|Any CPU
		{17F95F93-00E8-48C9-8554-A9FB8E84F57F}.Debug|x64.Build.0 = Debug|Any CPU
		{17F95F93-00E8-48C9-8554-A9FB8E84F57F}.Debug|x86.ActiveCfg = Debug|x86
		{17F95F93-00E8-48C9-8554-A9FB8E84F57F}.Release|Any CPU.ActiveCfg = Release|Any CPU
		{17F95F93-00E8-48C9-8554-A9FB8E84F57F}.Release|Any CPU.Build.0 = Release|Any CPU
		{17F95F93-00E8-48C9-8554-A9FB8E84F57F}.Release|x64.ActiveCfg = Release|Any CPU
		{17F95F93-00E8-48C9-8554-A9FB8E84F57F}.Release|x64.Build.0 = Release|Any CPU
		{17F95F93-00E8-48C9-8554-A9FB8E84F57F}.Release|x86.ActiveCfg = Release|Any CPU
		{17F95F93-00E8-48C9-8554-A9FB8E84F57F}.Release|x86.Build.0 = Release|Any CPU
		{B13996EB-FC22-465E-B1D3-1C87984A7760}.All|Any CPU.ActiveCfg = Debug|Any CPU
		{B13996EB-FC22-465E-B1D3-1C87984A7760}.All|Any CPU.Build.0 = Debug|Any CPU
		{B13996EB-FC22-465E-B1D3-1C87984A7760}.All|x64.ActiveCfg = Debug|Any CPU
		{B13996EB-FC22-465E-B1D3-1C87984A7760}.All|x64.Build.0 = Debug|Any CPU
		{B13996EB-FC22-465E-B1D3-1C87984A7760}.All|x86.ActiveCfg = Debug|Any CPU
		{B13996EB-FC22-465E-B1D3-1C87984A7760}.All|x86.Build.0 = Debug|Any CPU
		{B13996EB-FC22-465E-B1D3-1C87984A7760}.Debug|Any CPU.ActiveCfg = Debug|Any CPU
		{B13996EB-FC22-465E-B1D3-1C87984A7760}.Debug|Any CPU.Build.0 = Debug|Any CPU
		{B13996EB-FC22-465E-B1D3-1C87984A7760}.Debug|x64.ActiveCfg = Debug|Any CPU
		{B13996EB-FC22-465E-B1D3-1C87984A7760}.Debug|x64.Build.0 = Debug|Any CPU
		{B13996EB-FC22-465E-B1D3-1C87984A7760}.Debug|x86.ActiveCfg = Debug|x86
		{B13996EB-FC22-465E-B1D3-1C87984A7760}.Debug|x86.Build.0 = Debug|x86
		{B13996EB-FC22-465E-B1D3-1C87984A7760}.Release|Any CPU.ActiveCfg = Release|Any CPU
		{B13996EB-FC22-465E-B1D3-1C87984A7760}.Release|Any CPU.Build.0 = Release|Any CPU
		{B13996EB-FC22-465E-B1D3-1C87984A7760}.Release|x64.ActiveCfg = Release|Any CPU
		{B13996EB-FC22-465E-B1D3-1C87984A7760}.Release|x64.Build.0 = Release|Any CPU
		{B13996EB-FC22-465E-B1D3-1C87984A7760}.Release|x86.ActiveCfg = Release|Any CPU
		{B13996EB-FC22-465E-B1D3-1C87984A7760}.Release|x86.Build.0 = Release|Any CPU
		{B5A457FF-D9DC-43FF-9E84-823E7548F5F3}.All|Any CPU.ActiveCfg = Debug|Any CPU
		{B5A457FF-D9DC-43FF-9E84-823E7548F5F3}.All|Any CPU.Build.0 = Debug|Any CPU
		{B5A457FF-D9DC-43FF-9E84-823E7548F5F3}.All|x64.ActiveCfg = Debug|Any CPU
		{B5A457FF-D9DC-43FF-9E84-823E7548F5F3}.All|x64.Build.0 = Debug|Any CPU
		{B5A457FF-D9DC-43FF-9E84-823E7548F5F3}.All|x86.ActiveCfg = Debug|Any CPU
		{B5A457FF-D9DC-43FF-9E84-823E7548F5F3}.All|x86.Build.0 = Debug|Any CPU
		{B5A457FF-D9DC-43FF-9E84-823E7548F5F3}.Debug|Any CPU.ActiveCfg = Debug|Any CPU
		{B5A457FF-D9DC-43FF-9E84-823E7548F5F3}.Debug|Any CPU.Build.0 = Debug|Any CPU
		{B5A457FF-D9DC-43FF-9E84-823E7548F5F3}.Debug|x64.ActiveCfg = Debug|Any CPU
		{B5A457FF-D9DC-43FF-9E84-823E7548F5F3}.Debug|x64.Build.0 = Debug|Any CPU
		{B5A457FF-D9DC-43FF-9E84-823E7548F5F3}.Debug|x86.ActiveCfg = Debug|x86
		{B5A457FF-D9DC-43FF-9E84-823E7548F5F3}.Release|Any CPU.ActiveCfg = Release|Any CPU
		{B5A457FF-D9DC-43FF-9E84-823E7548F5F3}.Release|Any CPU.Build.0 = Release|Any CPU
		{B5A457FF-D9DC-43FF-9E84-823E7548F5F3}.Release|x64.ActiveCfg = Release|Any CPU
		{B5A457FF-D9DC-43FF-9E84-823E7548F5F3}.Release|x64.Build.0 = Release|Any CPU
		{B5A457FF-D9DC-43FF-9E84-823E7548F5F3}.Release|x86.ActiveCfg = Release|Any CPU
		{B5A457FF-D9DC-43FF-9E84-823E7548F5F3}.Release|x86.Build.0 = Release|Any CPU
		{004CFF91-94D7-4F20-8CEE-0818746B98B5}.All|Any CPU.ActiveCfg = Debug|Any CPU
		{004CFF91-94D7-4F20-8CEE-0818746B98B5}.All|Any CPU.Build.0 = Debug|Any CPU
		{004CFF91-94D7-4F20-8CEE-0818746B98B5}.All|x64.ActiveCfg = Debug|Any CPU
		{004CFF91-94D7-4F20-8CEE-0818746B98B5}.All|x64.Build.0 = Debug|Any CPU
		{004CFF91-94D7-4F20-8CEE-0818746B98B5}.All|x86.ActiveCfg = Debug|Any CPU
		{004CFF91-94D7-4F20-8CEE-0818746B98B5}.All|x86.Build.0 = Debug|Any CPU
		{004CFF91-94D7-4F20-8CEE-0818746B98B5}.Debug|Any CPU.ActiveCfg = Debug|Any CPU
		{004CFF91-94D7-4F20-8CEE-0818746B98B5}.Debug|Any CPU.Build.0 = Debug|Any CPU
		{004CFF91-94D7-4F20-8CEE-0818746B98B5}.Debug|x64.ActiveCfg = Debug|Any CPU
		{004CFF91-94D7-4F20-8CEE-0818746B98B5}.Debug|x64.Build.0 = Debug|Any CPU
		{004CFF91-94D7-4F20-8CEE-0818746B98B5}.Debug|x86.ActiveCfg = Debug|x86
		{004CFF91-94D7-4F20-8CEE-0818746B98B5}.Debug|x86.Build.0 = Debug|x86
		{004CFF91-94D7-4F20-8CEE-0818746B98B5}.Release|Any CPU.ActiveCfg = Release|Any CPU
		{004CFF91-94D7-4F20-8CEE-0818746B98B5}.Release|Any CPU.Build.0 = Release|Any CPU
		{004CFF91-94D7-4F20-8CEE-0818746B98B5}.Release|x64.ActiveCfg = Release|Any CPU
		{004CFF91-94D7-4F20-8CEE-0818746B98B5}.Release|x64.Build.0 = Release|Any CPU
		{004CFF91-94D7-4F20-8CEE-0818746B98B5}.Release|x86.ActiveCfg = Release|Any CPU
		{004CFF91-94D7-4F20-8CEE-0818746B98B5}.Release|x86.Build.0 = Release|Any CPU
	EndGlobalSection
	GlobalSection(SolutionProperties) = preSolution
		HideSolutionNode = FALSE
	EndGlobalSection
	GlobalSection(NestedProjects) = preSolution
		{C29B7CA2-988C-4330-B5C4-47C0A1C91FC2} = {0D6D8A33-2943-4C44-B585-D0CD8234C61E}
		{F627B9D2-FC1F-4A64-A2A6-DC35ACC39BA1} = {0D6D8A33-2943-4C44-B585-D0CD8234C61E}
	EndGlobalSection
	GlobalSection(ExtensibilityGlobals) = postSolution
		SolutionGuid = {D26B3FDF-7C88-4C5D-920B-AF32B974C98E}
	EndGlobalSection
EndGlobal
